
Microsoft Visual Studio Solution File, Format Version 12.00
# Visual Studio Version 17
VisualStudioVersion = 17.3.32929.385
MinimumVisualStudioVersion = 10.0.40219.1
Project("{9A19103F-16F7-4668-BE54-9A1E7A4F7556}") = "CRVProject.Demo", "CRVProject.Demo\CRVProject.Demo.csproj", "{FFD20F30-BF8B-47D8-8741-0938A13CC878}"
EndProject
Project("{9A19103F-16F7-4668-BE54-9A1E7A4F7556}") = "CRVProject.Helper", "CRVProject.Helper\CRVProject.Helper.csproj", "{5B039321-37A4-4320-A4AA-2F9FADBB747F}"
EndProject
Project("{9A19103F-16F7-4668-BE54-9A1E7A4F7556}") = "CRVProject.Ortsschild", "CRVProject.Ortsschild\CRVProject.Ortsschild.csproj", "{1E5283BA-B18E-417C-8B09-24DD8BDC116A}"
EndProject
Project("{9A19103F-16F7-4668-BE54-9A1E7A4F7556}") = "ZoomableWindow", "ZoomableWindow\ZoomableWindow.csproj", "{54FECC18-EAFB-44BC-84DA-6D5D40256DE8}"
EndProject
Project("{FAE04EC0-301F-11D3-BF4B-00C04F79EFBC}") = "CRVProject.Ortsschild.WinForms", "CRVProject.Ortsschild.WinForms\CRVProject.Ortsschild.WinForms.csproj", "{DFEAC675-7566-499B-AB04-2F5CB5C0D37F}"
EndProject
Global
	GlobalSection(SolutionConfigurationPlatforms) = preSolution
		Debug|Any CPU = Debug|Any CPU
		Release|Any CPU = Release|Any CPU
	EndGlobalSection
	GlobalSection(ProjectConfigurationPlatforms) = postSolution
		{FFD20F30-BF8B-47D8-8741-0938A13CC878}.Debug|Any CPU.ActiveCfg = Debug|Any CPU
		{FFD20F30-BF8B-47D8-8741-0938A13CC878}.Debug|Any CPU.Build.0 = Debug|Any CPU
		{FFD20F30-BF8B-47D8-8741-0938A13CC878}.Release|Any CPU.ActiveCfg = Release|Any CPU
		{FFD20F30-BF8B-47D8-8741-0938A13CC878}.Release|Any CPU.Build.0 = Release|Any CPU
		{5B039321-37A4-4320-A4AA-2F9FADBB747F}.Debug|Any CPU.ActiveCfg = Debug|Any CPU
		{5B039321-37A4-4320-A4AA-2F9FADBB747F}.Debug|Any CPU.Build.0 = Debug|Any CPU
		{5B039321-37A4-4320-A4AA-2F9FADBB747F}.Release|Any CPU.ActiveCfg = Release|Any CPU
		{5B039321-37A4-4320-A4AA-2F9FADBB747F}.Release|Any CPU.Build.0 = Release|Any CPU
		{1E5283BA-B18E-417C-8B09-24DD8BDC116A}.Debug|Any CPU.ActiveCfg = Debug|Any CPU
		{1E5283BA-B18E-417C-8B09-24DD8BDC116A}.Debug|Any CPU.Build.0 = Debug|Any CPU
		{1E5283BA-B18E-417C-8B09-24DD8BDC116A}.Release|Any CPU.ActiveCfg = Release|Any CPU
		{1E5283BA-B18E-417C-8B09-24DD8BDC116A}.Release|Any CPU.Build.0 = Release|Any CPU
		{54FECC18-EAFB-44BC-84DA-6D5D40256DE8}.Debug|Any CPU.ActiveCfg = Debug|Any CPU
		{54FECC18-EAFB-44BC-84DA-6D5D40256DE8}.Debug|Any CPU.Build.0 = Debug|Any CPU
		{54FECC18-EAFB-44BC-84DA-6D5D40256DE8}.Release|Any CPU.ActiveCfg = Release|Any CPU
		{54FECC18-EAFB-44BC-84DA-6D5D40256DE8}.Release|Any CPU.Build.0 = Release|Any CPU
		{DFEAC675-7566-499B-AB04-2F5CB5C0D37F}.Debug|Any CPU.ActiveCfg = Debug|Any CPU
		{DFEAC675-7566-499B-AB04-2F5CB5C0D37F}.Debug|Any CPU.Build.0 = Debug|Any CPU
		{DFEAC675-7566-499B-AB04-2F5CB5C0D37F}.Release|Any CPU.ActiveCfg = Release|Any CPU
		{DFEAC675-7566-499B-AB04-2F5CB5C0D37F}.Release|Any CPU.Build.0 = Release|Any CPU
	EndGlobalSection
	GlobalSection(SolutionProperties) = preSolution
		HideSolutionNode = FALSE
	EndGlobalSection
	GlobalSection(ExtensibilityGlobals) = postSolution
		SolutionGuid = {494C97C9-F333-4084-92E5-F422FC45AFC3}
	EndGlobalSection
EndGlobal
